github.com/abiosoft/readline v0.0.0-20180607040430-155bce2042db h1:CjPUSXOiYptLbTdr1RceuZgSFDQ7U15ITERUGrUORx8=
github.com/abiosoft/readline v0.0.0-20180607040430-155bce2042db/go.mod h1:rB3B4rKii8V21ydCbIzH5hZiCQE7f5E9SzUb/ZZx530=
github.com/boltdb/bolt v1.3.1 h1:JQmyP4ZBrce+ZQu0dY660FMfatumYDLun9hBCUVIkF4=
github.com/boltdb/bolt v1.3.1/go.mod h1:clJnj/oiGkjum5o1McbSZDSLxVThjynRyGBgiAx27Ps=
github.com/elves/elvish v0.10.1 h1:iwZPovL/LbIvdHwLD1UpgWIqoecQUOtJ+oUm8QyW4os=
github.com/xiaq/persistent v0.0.0-20190312105637-a1d9ac4077fc h1:r6bnN6KKLy+njHSxM+3phuzshod0HhzwIOMV6JQgT18=
github.com/xiaq/persistent v0.0.0-20190312105637-a1d9ac4077fc/go.mod h1:ezTJjR1ZWIJvN9QAd79tCd/TO4X3x7FDbLMEGHOI1LA=
golang.org/x/sys v0.0.0-20200302150141-5c8b2ff67527 h1:uYVVQ9WP/Ds2ROhcaGPeIdVq0RIXVLwsHlnvJ+cT1So=
golang.org/x/sys v0.0.0-20200302150141-5c8b2ff67527/go.mod h1:h1NjWce9XRLGQEsW7wpKNCjG9DtNlClVuFLEZdDNbEs=
